
Microsoft Visual Studio Solution File, Format Version 12.00
# Visual Studio Version 17
VisualStudioVersion = 17.13.35818.85
MinimumVisualStudioVersion = 10.0.40219.1
Project("{FAE04EC0-301F-11D3-BF4B-00C04F79EFBC}") = "Part01MultiThread", "MultiThread01\Part01MultiThread.csproj", "{DC855F3B-079C-4B5E-AC04-E99C0FF3C861}"
EndProject
Project("{FAE04EC0-301F-11D3-BF4B-00C04F79EFBC}") = "Server", "Server\Server.csproj", "{E84774E2-6EF7-45EC-8F6B-981D82BA67D4}"
EndProject
Project("{FAE04EC0-301F-11D3-BF4B-00C04F79EFBC}") = "Part04Reflection", "Part04Reflection\Part04Reflection.csproj", "{880B63CD-7C70-4AAB-9518-C1A71F56EFBB}"
EndProject
Project("{FAE04EC0-301F-11D3-BF4B-00C04F79EFBC}") = "Part02EFC1", "Part02EFC1\Part02EFC1.csproj", "{42F7B0AB-3783-F713-4B58-4CB5B0A6BB4B}"
EndProject
Project("{FAE04EC0-301F-11D3-BF4B-00C04F79EFBC}") = "Part02EFC0", "Part02EFC0\Part02EFC0.csproj", "{D1B41FB6-D6B4-548F-C742-64243979AA1F}"
EndProject
Project("{FAE04EC0-301F-11D3-BF4B-00C04F79EFBC}") = "Part03WebAPI", "Part03WebAPI\Part03WebAPI.csproj", "{84153B6D-5770-4955-AF09-377CAEE7F7B7}"
EndProject
Project("{FAE04EC0-301F-11D3-BF4B-00C04F79EFBC}") = "Part03WebAPI01", "WebAPI01\Part03WebAPI01.csproj", "{051B651A-BF43-B5DF-067E-99B7DFC3C4A4}"
EndProject
Global
	GlobalSection(SolutionConfigurationPlatforms) = preSolution
		Debug|Any CPU = Debug|Any CPU
		Release|Any CPU = Release|Any CPU
	EndGlobalSection
	GlobalSection(ProjectConfigurationPlatforms) = postSolution
		{DC855F3B-079C-4B5E-AC04-E99C0FF3C861}.Debug|Any CPU.ActiveCfg = Debug|Any CPU
		{DC855F3B-079C-4B5E-AC04-E99C0FF3C861}.Debug|Any CPU.Build.0 = Debug|Any CPU
		{DC855F3B-079C-4B5E-AC04-E99C0FF3C861}.Release|Any CPU.ActiveCfg = Release|Any CPU
		{DC855F3B-079C-4B5E-AC04-E99C0FF3C861}.Release|Any CPU.Build.0 = Release|Any CPU
		{E84774E2-6EF7-45EC-8F6B-981D82BA67D4}.Debug|Any CPU.ActiveCfg = Debug|Any CPU
		{E84774E2-6EF7-45EC-8F6B-981D82BA67D4}.Debug|Any CPU.Build.0 = Debug|Any CPU
		{E84774E2-6EF7-45EC-8F6B-981D82BA67D4}.Release|Any CPU.ActiveCfg = Release|Any CPU
		{E84774E2-6EF7-45EC-8F6B-981D82BA67D4}.Release|Any CPU.Build.0 = Release|Any CPU
		{880B63CD-7C70-4AAB-9518-C1A71F56EFBB}.Debug|Any CPU.ActiveCfg = Debug|Any CPU
		{880B63CD-7C70-4AAB-9518-C1A71F56EFBB}.Debug|Any CPU.Build.0 = Debug|Any CPU
		{880B63CD-7C70-4AAB-9518-C1A71F56EFBB}.Release|Any CPU.ActiveCfg = Release|Any CPU
		{880B63CD-7C70-4AAB-9518-C1A71F56EFBB}.Release|Any CPU.Build.0 = Release|Any CPU
		{42F7B0AB-3783-F713-4B58-4CB5B0A6BB4B}.Debug|Any CPU.ActiveCfg = Debug|Any CPU
		{42F7B0AB-3783-F713-4B58-4CB5B0A6BB4B}.Debug|Any CPU.Build.0 = Debug|Any CPU
		{42F7B0AB-3783-F713-4B58-4CB5B0A6BB4B}.Release|Any CPU.ActiveCfg = Release|Any CPU
		{42F7B0AB-3783-F713-4B58-4CB5B0A6BB4B}.Release|Any CPU.Build.0 = Release|Any CPU
		{D1B41FB6-D6B4-548F-C742-64243979AA1F}.Debug|Any CPU.ActiveCfg = Debug|Any CPU
		{D1B41FB6-D6B4-548F-C742-64243979AA1F}.Debug|Any CPU.Build.0 = Debug|Any CPU
		{D1B41FB6-D6B4-548F-C742-64243979AA1F}.Release|Any CPU.ActiveCfg = Release|Any CPU
		{D1B41FB6-D6B4-548F-C742-64243979AA1F}.Release|Any CPU.Build.0 = Release|Any CPU
		{84153B6D-5770-4955-AF09-377CAEE7F7B7}.Debug|Any CPU.ActiveCfg = Debug|Any CPU
		{84153B6D-5770-4955-AF09-377CAEE7F7B7}.Debug|Any CPU.Build.0 = Debug|Any CPU
		{84153B6D-5770-4955-AF09-377CAEE7F7B7}.Release|Any CPU.ActiveCfg = Release|Any CPU
		{84153B6D-5770-4955-AF09-377CAEE7F7B7}.Release|Any CPU.Build.0 = Release|Any CPU
		{051B651A-BF43-B5DF-067E-99B7DFC3C4A4}.Debug|Any CPU.ActiveCfg = Debug|Any CPU
		{051B651A-BF43-B5DF-067E-99B7DFC3C4A4}.Debug|Any CPU.Build.0 = Debug|Any CPU
		{051B651A-BF43-B5DF-067E-99B7DFC3C4A4}.Release|Any CPU.ActiveCfg = Release|Any CPU
		{051B651A-BF43-B5DF-067E-99B7DFC3C4A4}.Release|Any CPU.Build.0 = Release|Any CPU
	EndGlobalSection
	GlobalSection(SolutionProperties) = preSolution
		HideSolutionNode = FALSE
	EndGlobalSection
	GlobalSection(ExtensibilityGlobals) = postSolution
		SolutionGuid = {2CD52077-0C9A-401F-A72C-EE0878E5D4C9}
	EndGlobalSection
EndGlobal
